
Microsoft Visual Studio Solution File, Format Version 12.00
# Visual Studio Version 17
VisualStudioVersion = 17.8.34408.163
MinimumVisualStudioVersion = 10.0.40219.1
Project("{FAE04EC0-301F-11D3-BF4B-00C04F79EFBC}") = "PongGames", "PongGames.csproj", "{A1415F1E-4717-4A7A-AEE5-3D6B217CF902}"
EndProject
Global
	GlobalSection(SolutionConfigurationPlatforms) = preSolution
		Debug|Any CPU = Debug|Any CPU
		Release|Any CPU = Release|Any CPU
	EndGlobalSection
	GlobalSection(ProjectConfigurationPlatforms) = postSolution
		{A1415F1E-4717-4A7A-AEE5-3D6B217CF902}.Debug|Any CPU.ActiveCfg = Debug|Any CPU
		{A1415F1E-4717-4A7A-AEE5-3D6B217CF902}.Debug|Any CPU.Build.0 = Debug|Any CPU
		{A1415F1E-4717-4A7A-AEE5-3D6B217CF902}.Release|Any CPU.ActiveCfg = Release|Any CPU
		{A1415F1E-4717-4A7A-AEE5-3D6B217CF902}.Release|Any CPU.Build.0 = Release|Any CPU
	EndGlobalSection
	GlobalSection(SolutionProperties) = preSolution
		HideSolutionNode = FALSE
	EndGlobalSection
	GlobalSection(ExtensibilityGlobals) = postSolution
		SolutionGuid = {281B6B75-A14F-43BE-A3F8-FA8827203907}
	EndGlobalSection
EndGlobal
